
Microsoft Visual Studio Solution File, Format Version 12.00
Project("{FAE04EC0-301F-11D3-BF4B-00C04F79EFBC}") = "DiApp", "DiApp\DiApp.csproj", "{8763697C-F245-4575-B7BC-3C53ED416E6E}"
EndProject
Project("{FAE04EC0-301F-11D3-BF4B-00C04F79EFBC}") = "DiApp2", "DiApp2\DiApp2.csproj", "{F4AD471B-91F6-49CC-BF0D-BA8FA381FEB8}"
EndProject
Project("{FAE04EC0-301F-11D3-BF4B-00C04F79EFBC}") = "DiApp3", "DiApp3\DiApp3.csproj", "{44C2C366-9AE8-4C37-AB14-AAF3D7DC8140}"
EndProject
Global
	GlobalSection(SolutionConfigurationPlatforms) = preSolution
		Debug|Any CPU = Debug|Any CPU
		Release|Any CPU = Release|Any CPU
	EndGlobalSection
	GlobalSection(ProjectConfigurationPlatforms) = postSolution
		{8763697C-F245-4575-B7BC-3C53ED416E6E}.Debug|Any CPU.ActiveCfg = Debug|Any CPU
		{8763697C-F245-4575-B7BC-3C53ED416E6E}.Debug|Any CPU.Build.0 = Debug|Any CPU
		{8763697C-F245-4575-B7BC-3C53ED416E6E}.Release|Any CPU.ActiveCfg = Release|Any CPU
		{8763697C-F245-4575-B7BC-3C53ED416E6E}.Release|Any CPU.Build.0 = Release|Any CPU
		{F4AD471B-91F6-49CC-BF0D-BA8FA381FEB8}.Debug|Any CPU.ActiveCfg = Debug|Any CPU
		{F4AD471B-91F6-49CC-BF0D-BA8FA381FEB8}.Debug|Any CPU.Build.0 = Debug|Any CPU
		{F4AD471B-91F6-49CC-BF0D-BA8FA381FEB8}.Release|Any CPU.ActiveCfg = Release|Any CPU
		{F4AD471B-91F6-49CC-BF0D-BA8FA381FEB8}.Release|Any CPU.Build.0 = Release|Any CPU
		{44C2C366-9AE8-4C37-AB14-AAF3D7DC8140}.Debug|Any CPU.ActiveCfg = Debug|Any CPU
		{44C2C366-9AE8-4C37-AB14-AAF3D7DC8140}.Debug|Any CPU.Build.0 = Debug|Any CPU
		{44C2C366-9AE8-4C37-AB14-AAF3D7DC8140}.Release|Any CPU.ActiveCfg = Release|Any CPU
		{44C2C366-9AE8-4C37-AB14-AAF3D7DC8140}.Release|Any CPU.Build.0 = Release|Any CPU
	EndGlobalSection
EndGlobal
